{
  "requires": true,
  "lockfileVersion": 1,
  "dependencies": {
    "datatables.net": {
      "version": "1.11.2",
      "resolved": "https://registry.npmjs.org/datatables.net/-/datatables.net-1.11.2.tgz",
      "integrity": "sha512-Dg+Yeyky+BhXoooJqTDTGssLxkAxe73CljcjYd4630XQZKqqqy0akYk2r4RSHSJLyYCOGRZEZiUF/N39+5nqvg==",
      "requires": {
        "jquery": ">=1.7"
      }
    },
    "datatables.net-dt": {
      "version": "1.11.2",
      "resolved": "https://registry.npmjs.org/datatables.net-dt/-/datatables.net-dt-1.11.2.tgz",
      "integrity": "sha512-C6PzD0nD7kPelWET2v2S7IXPUw7WIuyvsSwrUGoJoIL5Zaos4aGtnOiO2ibyMuXoUms5ckNWWkFYpvtJnyyHtA==",
      "requires": {
        "datatables.net": ">=1.10.25",
        "jquery": ">=1.7"
      }
    },
    "jquery": {
      "version": "3.6.0",
      "resolved": "https://registry.npmjs.org/jquery/-/jquery-3.6.0.tgz",
      "integrity": "sha512-JVzAR/AjBvVt2BmYhxRCSYysDsPcssdmTFnzyLEts9qNwmjmu4JTAMYubEfwVOSwpQ1I1sKKFcxhZCI2buerfw=="
    }
  }
}
